
Microsoft Visual Studio Solution File, Format Version 12.00
# Visual Studio Version 17
VisualStudioVersion = 17.7.34024.191
MinimumVisualStudioVersion = 10.0.40219.1
Project("{FAE04EC0-301F-11D3-BF4B-00C04F79EFBC}") = "01.SortNumbers", "01.SortNumbers\01.SortNumbers.csproj", "{87202B96-8901-4708-B52A-A795AA2D671E}"
EndProject
Project("{FAE04EC0-301F-11D3-BF4B-00C04F79EFBC}") = "02.EnglishName", "02.EnglishName\02.EnglishName.csproj", "{70556C1B-4CFD-4156-B8ED-792CF2C12288}"
EndProject
Project("{9A19103F-16F7-4668-BE54-9A1E7A4F7556}") = "03.GamingStore", "03.GamingStore\03.GamingStore.csproj", "{723B8B84-4899-4938-A971-EE3DA1435C00}"
EndProject
Project("{FAE04EC0-301F-11D3-BF4B-00C04F79EFBC}") = "04.ReverseString", "04.ReverseString\04.ReverseString.csproj", "{2476318D-02EB-4A11-B195-77CD1EC7E17E}"
EndProject
Global
	GlobalSection(SolutionConfigurationPlatforms) = preSolution
		Debug|Any CPU = Debug|Any CPU
		Release|Any CPU = Release|Any CPU
	EndGlobalSection
	GlobalSection(ProjectConfigurationPlatforms) = postSolution
		{87202B96-8901-4708-B52A-A795AA2D671E}.Debug|Any CPU.ActiveCfg = Debug|Any CPU
		{87202B96-8901-4708-B52A-A795AA2D671E}.Debug|Any CPU.Build.0 = Debug|Any CPU
		{87202B96-8901-4708-B52A-A795AA2D671E}.Release|Any CPU.ActiveCfg = Release|Any CPU
		{87202B96-8901-4708-B52A-A795AA2D671E}.Release|Any CPU.Build.0 = Release|Any CPU
		{70556C1B-4CFD-4156-B8ED-792CF2C12288}.Debug|Any CPU.ActiveCfg = Debug|Any CPU
		{70556C1B-4CFD-4156-B8ED-792CF2C12288}.Debug|Any CPU.Build.0 = Debug|Any CPU
		{70556C1B-4CFD-4156-B8ED-792CF2C12288}.Release|Any CPU.ActiveCfg = Release|Any CPU
		{70556C1B-4CFD-4156-B8ED-792CF2C12288}.Release|Any CPU.Build.0 = Release|Any CPU
		{723B8B84-4899-4938-A971-EE3DA1435C00}.Debug|Any CPU.ActiveCfg = Debug|Any CPU
		{723B8B84-4899-4938-A971-EE3DA1435C00}.Debug|Any CPU.Build.0 = Debug|Any CPU
		{723B8B84-4899-4938-A971-EE3DA1435C00}.Release|Any CPU.ActiveCfg = Release|Any CPU
		{723B8B84-4899-4938-A971-EE3DA1435C00}.Release|Any CPU.Build.0 = Release|Any CPU
		{2476318D-02EB-4A11-B195-77CD1EC7E17E}.Debug|Any CPU.ActiveCfg = Debug|Any CPU
		{2476318D-02EB-4A11-B195-77CD1EC7E17E}.Debug|Any CPU.Build.0 = Debug|Any CPU
		{2476318D-02EB-4A11-B195-77CD1EC7E17E}.Release|Any CPU.ActiveCfg = Release|Any CPU
		{2476318D-02EB-4A11-B195-77CD1EC7E17E}.Release|Any CPU.Build.0 = Release|Any CPU
	EndGlobalSection
	GlobalSection(SolutionProperties) = preSolution
		HideSolutionNode = FALSE
	EndGlobalSection
	GlobalSection(ExtensibilityGlobals) = postSolution
		SolutionGuid = {E7F0D0B0-4C27-423E-9965-06D4D45BA421}
	EndGlobalSection
EndGlobal
